<Solution>
  <Folder Name="/Documentation/">
    <File Path="Documentation/Database/01-CreateAdminSchemaAndUsers.sql" />
  </Folder>
  <Folder Name="/Documentation/Architecture/" />
  <Folder Name="/Documentation/Database/">
    <File Path="Documentation/Database/01-CreateAdminSchemaAndUsers.sql" />
    <File Path="Documentation/Database/01-Undo-CreateAdminSchemaAndUsers.sql" />
  </Folder>
  <Folder Name="/Documentation/Web Design Documents/" />
  <Folder Name="/Documentation/Web Design Documents/Compendium/">
    <File Path="Documentation/Web Design Documents/Compendium/01-Farvepalette.md" />
    <File Path="Documentation/Web Design Documents/Compendium/02-Typografi.md" />
    <File Path="Documentation/Web Design Documents/Compendium/03-Spacing.md" />
    <File Path="Documentation/Web Design Documents/Compendium/04-Kortdesign.md" />
    <File Path="Documentation/Web Design Documents/Compendium/05-Knapper.md" />
    <File Path="Documentation/Web Design Documents/Compendium/06-Formularer.md" />
    <File Path="Documentation/Web Design Documents/Compendium/07-Responsiv Navigation.md" />
    <File Path="Documentation/Web Design Documents/Compendium/08-Printprincipper.md" />
    <File Path="Documentation/Web Design Documents/Compendium/09-Billeder og Dokumenter.md" />
    <File Path="Documentation/Web Design Documents/Compendium/10-Navigation State og Return Flow.md" />
    <File Path="Documentation/Web Design Documents/Compendium/11-Empty State og First Use State.md" />
    <File Path="Documentation/Web Design Documents/Compendium/12-Loading states og skeletons.md" />
    <File Path="Documentation/Web Design Documents/Compendium/13-Empty vs error vs no access.md" />
    <File Path="Documentation/Web Design Documents/Compendium/14-Confirmation og destructive actions.md" />
    <File Path="Documentation/Web Design Documents/Compendium/15-Arkivering vs sletning.md" />
    <File Path="Documentation/Web Design Documents/Compendium/16-Permissions og roles i UI.md" />
    <File Path="Documentation/Web Design Documents/Compendium/17-Toasts vs inline statusbeskeder.md" />
    <File Path="Documentation/Web Design Documents/Compendium/18-Search filter og sortering.md" />
    <File Path="Documentation/Web Design Documents/Compendium/19-Tables vs cards vs compact lists.md" />
    <File Path="Documentation/Web Design Documents/Compendium/20-Detail Page Layout.md" />
    <File Path="Documentation/Web Design Documents/Compendium/21-Mobile specific interaction guidelines.md" />
    <File Path="Documentation/Web Design Documents/Compendium/22-Accessibility baseline.md" />
    <File Path="Documentation/Web Design Documents/Compendium/23-Data density og compact mode.md" />
    <File Path="Documentation/Web Design Documents/Compendium/24-Notifications og attention management.md" />
    <File Path="Documentation/Web Design Documents/Compendium/Appendiks A - Komponentnavngivning og design tokens.md" />
  </Folder>
  <Folder Name="/Documentation/Web Design Documents/Demo pages/">
    <File Path="Documentation/Web Design Documents/Demo pages/DemoSide 01 - Farvepalette.html" />
    <File Path="Documentation/Web Design Documents/Demo pages/DemoSide 02 - Typografi.html" />
    <File Path="Documentation/Web Design Documents/Demo pages/DemoSide 03  - Spacing.html" />
    <File Path="Documentation/Web Design Documents/Demo pages/DemoSide 04 - Kort.html" />
    <File Path="Documentation/Web Design Documents/Demo pages/DemoSide 05 - Knapper.html" />
    <File Path="Documentation/Web Design Documents/Demo pages/DemoSide 06 - Formularer.html" />
    <File Path="Documentation/Web Design Documents/Demo pages/DemoSide 07 - Navigation.html" />
    <File Path="Documentation/Web Design Documents/Demo pages/DemoSide 08 - Print.html" />
    <File Path="Documentation/Web Design Documents/Demo pages/DemoSide 09 - Filer.html" />
    <File Path="Documentation/Web Design Documents/Demo pages/DemoSide 10 - Navigation state.html" />
    <File Path="Documentation/Web Design Documents/Demo pages/DemoSide 11 - Empty and first-use.html" />
    <File Path="Documentation/Web Design Documents/Demo pages/DemoSide 12 - Loading og skeletons.html" />
    <File Path="Documentation/Web Design Documents/Demo pages/DemoSide 13 - Empty - error - no access.html" />
    <File Path="Documentation/Web Design Documents/Demo pages/DemoSide 14 - confirmation og destructive actions.html" />
    <File Path="Documentation/Web Design Documents/Demo pages/DemoSide 15 - Arkivering vs sletning.html" />
    <File Path="Documentation/Web Design Documents/Demo pages/DemoSide 16 - Permissions og roles.html" />
    <File Path="Documentation/Web Design Documents/Demo pages/DemoSide 17 - Toasts vs inline status.html" />
    <File Path="Documentation/Web Design Documents/Demo pages/DemoSide 18 - Search filter og sortering.html" />
    <File Path="Documentation/Web Design Documents/Demo pages/DemoSide 19 - Tables cards compact lists.html" />
    <File Path="Documentation/Web Design Documents/Demo pages/DemoSide 20 - Detail page layout.html" />
    <File Path="Documentation/Web Design Documents/Demo pages/DemoSide 21 - Mobile-specific interaction.html" />
    <File Path="Documentation/Web Design Documents/Demo pages/DemoSide 22 - Accessibility baseline.html" />
    <File Path="Documentation/Web Design Documents/Demo pages/DemoSide 23 - Data density - compact mode.html" />
    <File Path="Documentation/Web Design Documents/Demo pages/DemoSide 24 - Notifications og attention management.html" />
    <File Path="Documentation/Web Design Documents/Demo pages/DemoSide 25 - Komponentnavngivning og design tokens.html" />
  </Folder>
  <Folder Name="/Documentation/Web Design Documents/Full source/">
    <File Path="Documentation/Web Design Documents/Full source/01 Farvepalette.md" />
    <File Path="Documentation/Web Design Documents/Full source/02 Typografi.md" />
    <File Path="Documentation/Web Design Documents/Full source/03 Spacing.md" />
    <File Path="Documentation/Web Design Documents/Full source/04 Kortdesign.md" />
    <File Path="Documentation/Web Design Documents/Full source/05 Knapper.md" />
    <File Path="Documentation/Web Design Documents/Full source/06 Formularer.md" />
    <File Path="Documentation/Web Design Documents/Full source/07 Responsiv Navigation.md" />
    <File Path="Documentation/Web Design Documents/Full source/08 Print principper.md" />
    <File Path="Documentation/Web Design Documents/Full source/09 Billeder og Dokumenter.md" />
    <File Path="Documentation/Web Design Documents/Full source/10 Navigation state.md" />
    <File Path="Documentation/Web Design Documents/Full source/11 Empty state og first-use state.md" />
    <File Path="Documentation/Web Design Documents/Full source/12 Loading states og skeletons.md" />
    <File Path="Documentation/Web Design Documents/Full source/13 Empty vs error vs no access.md" />
    <File Path="Documentation/Web Design Documents/Full source/14 Confirmation og destructive actions.md" />
    <File Path="Documentation/Web Design Documents/Full source/15 Arkivering vs sletning.md" />
    <File Path="Documentation/Web Design Documents/Full source/16 Permissions og roles i UI.md" />
    <File Path="Documentation/Web Design Documents/Full source/17 Toasts vs inline statusbeskeder.md" />
    <File Path="Documentation/Web Design Documents/Full source/18. Search filter og sortering.md" />
    <File Path="Documentation/Web Design Documents/Full source/19 Tables vs cards vs compact lists.md" />
    <File Path="Documentation/Web Design Documents/Full source/20 Detail page layout.md" />
    <File Path="Documentation/Web Design Documents/Full source/21 Mobile-specific interaction guidelines.md" />
    <File Path="Documentation/Web Design Documents/Full source/22 Accessibility baseline.md" />
    <File Path="Documentation/Web Design Documents/Full source/23 Data density - compact mode.md" />
    <File Path="Documentation/Web Design Documents/Full source/24 Notifications og attention management.md" />
    <File Path="Documentation/Web Design Documents/Full source/25 Komponentnavngivning og design tokens.md" />
  </Folder>
  <Folder Name="/Solution Items/">
    <File Path="global.json" />
    <File Path="LICENSE.txt" />
    <File Path="Licensing Model Overview.txt" />
    <File Path="README.md" />
  </Folder>
  <Folder Name="/src/">
    <Project Path="MyGardenPlanner2026.Core/MyGardenPlanner2026.Core.csproj" />
    <Project Path="MyGardenPlanner2026.Infrastructure/MyGardenPlanner2026.Infrastructure.csproj" />
    <Project Path="MyGardenPlanner2026/MyGardenPlanner2026.Client/MyGardenPlanner2026.Client.csproj" />
    <Project Path="MyGardenPlanner2026/MyGardenPlanner2026/MyGardenPlanner2026.csproj" />
  </Folder>
  <Folder Name="/tests/">
    <Project Path="MyGardenPlanner2026.Tests.UI/MyGardenPlanner2026.Tests.UI.csproj" />
    <Project Path="MyGardenPlanner2026.Tests.Unit/MyGardenPlanner2026.Tests.Unit.csproj" />
  </Folder>
</Solution>
